// !$*UTF8*$!
{
	archiveVersion = 1;
	classes = {
	};
	objectVersion = 46;
	objects = {

/* Begin PBXBuildFile section */
		7E1C8DD31E719AEF00A9F1B4 /* AppDelegate.swift in Sources */ = {isa = PBXBuildFile; fileRef = 7E1C8DD21E719AEF00A9F1B4 /* AppDelegate.swift */; };
		7E1C8DD51E719AEF00A9F1B4 /* ViewController.swift in Sources */ = {isa = PBXBuildFile; fileRef = 7E1C8DD41E719AEF00A9F1B4 /* ViewController.swift */; };
		7E1C8DD81E719AEF00A9F1B4 /* Main.storyboard in Resources */ = {isa = PBXBuildFile; fileRef = 7E1C8DD61E719AEF00A9F1B4 /* Main.storyboard */; };
		7E1C8DDA1E719AEF00A9F1B4 /* Assets.xcassets in Resources */ = {isa = PBXBuildFile; fileRef = 7E1C8DD91E719AEF00A9F1B4 /* Assets.xcassets */; };
		7E1C8DDD1E719AEF00A9F1B4 /* LaunchScreen.storyboard in Resources */ = {isa = PBXBuildFile; fileRef = 7E1C8DDB1E719AEF00A9F1B4 /* LaunchScreen.storyboard */; };
		7E1C8DE61E71A1ED00A9F1B4 /* TmdbApi.framework in Frameworks */ = {isa = PBXBuildFile; fileRef = 7E1C8DE51E71A1ED00A9F1B4 /* TmdbApi.framework */; };
/* End PBXBuildFile section */

/* Begin PBXFileReference section */
		7E1C8DCF1E719AEF00A9F1B4 /* TmdbApi-iOSExample.app */ = {isa = PBXFileReference; explicitFileType = wrapper.application; includeInIndex = 0; path = "TmdbApi-iOSExample.app"; sourceTree = BUILT_PRODUCTS_DIR; };
		7E1C8DD21E719AEF00A9F1B4 /* AppDelegate.swift */ = {isa = PBXFileReference; lastKnownFileType = sourcecode.swift; path = AppDelegate.swift; sourceTree = "<group>"; };
		7E1C8DD41E719AEF00A9F1B4 /* ViewController.swift */ = {isa = PBXFileReference; lastKnownFileType = sourcecode.swift; path = ViewController.swift; sourceTree = "<group>"; };
		7E1C8DD71E719AEF00A9F1B4 /* Base */ = {isa = PBXFileReference; lastKnownFileType = file.storyboard; name = Base; path = Base.lproj/Main.storyboard; sourceTree = "<group>"; };
		7E1C8DD91E719AEF00A9F1B4 /* Assets.xcassets */ = {isa = PBXFileReference; lastKnownFileType = folder.assetcatalog; path = Assets.xcassets; sourceTree = "<group>"; };
		7E1C8DDC1E719AEF00A9F1B4 /* Base */ = {isa = PBXFileReference; lastKnownFileType = file.storyboard; name = Base; path = Base.lproj/LaunchScreen.storyboard; sourceTree = "<group>"; };
		7E1C8DDE1E719AEF00A9F1B4 /* Info.plist */ = {isa = PBXFileReference; lastKnownFileType = text.plist.xml; path = Info.plist; sourceTree = "<group>"; };
		7E1C8DE51E71A1ED00A9F1B4 /* TmdbApi.framework */ = {isa = PBXFileReference; lastKnownFileType = wrapper.framework; name = TmdbApi.framework; path = "../../../../../Library/Developer/Xcode/DerivedData/TmdbApi-ciuyjxclwsqxlgdskdjlzvcpynsw/Build/Products/Debug-iphonesimulator/TmdbApi.framework"; sourceTree = "<group>"; };
/* End PBXFileReference section */

/* Begin PBXFrameworksBuildPhase section */
		7E1C8DCC1E719AEF00A9F1B4 /* Frameworks */ = {
			isa = PBXFrameworksBuildPhase;
			buildActionMask = 2147483647;
			files = (
				7E1C8DE61E71A1ED00A9F1B4 /* TmdbApi.framework in Frameworks */,
			);
			runOnlyForDeploymentPostprocessing = 0;
		};
/* End PBXFrameworksBuildPhase section */

/* Begin PBXGroup section */
		7E1C8DC61E719AEF00A9F1B4 = {
			isa = PBXGroup;
			children = (
				7E1C8DD11E719AEF00A9F1B4 /* TmdbApi-iOSExample */,
				7E1C8DD01E719AEF00A9F1B4 /* Products */,
				7E1C8DE41E71A1ED00A9F1B4 /* Frameworks */,
			);
			sourceTree = "<group>";
		};
		7E1C8DD01E719AEF00A9F1B4 /* Products */ = {
			isa = PBXGroup;
			children = (
				7E1C8DCF1E719AEF00A9F1B4 /* TmdbApi-iOSExample.app */,
			);
			name = Products;
			sourceTree = "<group>";
		};
		7E1C8DD11E719AEF00A9F1B4 /* TmdbApi-iOSExample */ = {
			isa = PBXGroup;
			children = (
				7E1C8DD21E719AEF00A9F1B4 /* AppDelegate.swift */,
				7E1C8DD41E719AEF00A9F1B4 /* ViewController.swift */,
				7E1C8DD61E719AEF00A9F1B4 /* Main.storyboard */,
				7E1C8DD91E719AEF00A9F1B4 /* Assets.xcassets */,
				7E1C8DDB1E719AEF00A9F1B4 /* LaunchScreen.storyboard */,
				7E1C8DDE1E719AEF00A9F1B4 /* Info.plist */,
			);
			path = "TmdbApi-iOSExample";
			sourceTree = "<group>";
		};
		7E1C8DE41E71A1ED00A9F1B4 /* Frameworks */ = {
			isa = PBXGroup;
			children = (
				7E1C8DE51E71A1ED00A9F1B4 /* TmdbApi.framework */,
			);
			name = Frameworks;
			sourceTree = "<group>";
		};
/* End PBXGroup section */

/* Begin PBXNativeTarget section */
		7E1C8DCE1E719AEF00A9F1B4 /* TmdbApi-iOSExample */ = {
			isa = PBXNativeTarget;
			buildConfigurationList = 7E1C8DE11E719AEF00A9F1B4 /* Build configuration list for PBXNativeTarget "TmdbApi-iOSExample" */;
			buildPhases = (
				7E1C8DCB1E719AEF00A9F1B4 /* Sources */,
				7E1C8DCC1E719AEF00A9F1B4 /* Frameworks */,
				7E1C8DCD1E719AEF00A9F1B4 /* Resources */,
			);
			buildRules = (
			);
			dependencies = (
			);
			name = "TmdbApi-iOSExample";
			productName = "TmdbApi-iOSExample";
			productReference = 7E1C8DCF1E719AEF00A9F1B4 /* TmdbApi-iOSExample.app */;
			productType = "com.apple.product-type.application";
		};
/* End PBXNativeTarget section */

/* Begin PBXProject section */
		7E1C8DC71E719AEF00A9F1B4 /* Project object */ = {
			isa = PBXProject;
			attributes = {
				LastSwiftUpdateCheck = 0820;
				LastUpgradeCheck = 0820;
				ORGANIZATIONNAME = "Kamil Swojak";
				TargetAttributes = {
					7E1C8DCE1E719AEF00A9F1B4 = {
						CreatedOnToolsVersion = 8.2.1;
						DevelopmentTeam = N48NQT43F3;
						ProvisioningStyle = Automatic;
					};
				};
			};
			buildConfigurationList = 7E1C8DCA1E719AEF00A9F1B4 /* Build configuration list for PBXProject "TmdbApi-iOSExample" */;
			compatibilityVersion = "Xcode 3.2";
			developmentRegion = English;
			hasScannedForEncodings = 0;
			knownRegions = (
				en,
				Base,
			);
			mainGroup = 7E1C8DC61E719AEF00A9F1B4;
			productRefGroup = 7E1C8DD01E719AEF00A9F1B4 /* Products */;
			projectDirPath = "";
			projectRoot = "";
			targets = (
				7E1C8DCE1E719AEF00A9F1B4 /* TmdbApi-iOSExample */,
			);
		};
/* End PBXProject section */

/* Begin PBXResourcesBuildPhase section */
		7E1C8DCD1E719AEF00A9F1B4 /* Resources */ = {
			isa = PBXResourcesBuildPhase;
			buildActionMask = 2147483647;
			files = (
				7E1C8DDD1E719AEF00A9F1B4 /* LaunchScreen.storyboard in Resources */,
				7E1C8DDA1E719AEF00A9F1B4 /* Assets.xcassets in Resources */,
				7E1C8DD81E719AEF00A9F1B4 /* Main.storyboard in Resources */,
			);
			runOnlyForDeploymentPostprocessing = 0;
		};
/* End PBXResourcesBuildPhase section */

/* Begin PBXSourcesBuildPhase section */
		7E1C8DCB1E719AEF00A9F1B4 /* Sources */ = {
			isa = PBXSourcesBuildPhase;
			buildActionMask = 2147483647;
			files = (
				7E1C8DD51E719AEF00A9F1B4 /* ViewController.swift in Sources */,
				7E1C8DD31E719AEF00A9F1B4 /* AppDelegate.swift in Sources */,
			);
			runOnlyForDeploymentPostprocessing = 0;
		};
/* End PBXSourcesBuildPhase section */

/* Begin PBXVariantGroup section */
		7E1C8DD61E719AEF00A9F1B4 /* Main.storyboard */ = {
			isa = PBXVariantGroup;
			children = (
				7E1C8DD71E719AEF00A9F1B4 /* Base */,
			);
			name = Main.storyboard;
			sourceTree = "<group>";
		};
		7E1C8DDB1E719AEF00A9F1B4 /* LaunchScreen.storyboard */ = {
			isa = PBXVariantGroup;
			children = (
				7E1C8DDC1E719AEF00A9F1B4 /* Base */,
			);
			name = LaunchScreen.storyboard;
			sourceTree = "<group>";
		};
/* End PBXVariantGroup section */

/* Begin XCBuildConfiguration section */
		7E1C8DDF1E719AEF00A9F1B4 /* Debug */ = {
			isa = XCBuildConfiguration;
			buildSettings = {
				ALWAYS_SEARCH_USER_PATHS = NO;
				CLANG_ANALYZER_NONNULL = YES;
				CLANG_CXX_LANGUAGE_STANDARD = "gnu++0x";
				CLANG_CXX_LIBRARY = "libc++";
				CLANG_ENABLE_MODULES = YES;
				CLANG_ENABLE_OBJC_ARC = YES;
				CLANG_WARN_BOOL_CONVERSION = YES;
				CLANG_WARN_CONSTANT_CONVERSION = YES;
				CLANG_WARN_DIRECT_OBJC_ISA_USAGE = YES_ERROR;
				CLANG_WARN_DOCUMENTATION_COMMENTS = YES;
				CLANG_WARN_EMPTY_BODY = YES;
				CLANG_WARN_ENUM_CONVERSION = YES;
				CLANG_WARN_INFINITE_RECURSION = YES;
				CLANG_WARN_INT_CONVERSION = YES;
				CLANG_WARN_OBJC_ROOT_CLASS = YES_ERROR;
				CLANG_WARN_SUSPICIOUS_MOVE = YES;
				CLANG_WARN_UNREACHABLE_CODE = YES;
				CLANG_WARN__DUPLICATE_METHOD_MATCH = YES;
				"CODE_SIGN_IDENTITY[sdk=iphoneos*]" = "iPhone Developer";
				COPY_PHASE_STRIP = NO;
				DEBUG_INFORMATION_FORMAT = dwarf;
				ENABLE_STRICT_OBJC_MSGSEND = YES;
				ENABLE_TESTABILITY = YES;
				GCC_C_LANGUAGE_STANDARD = gnu99;
				GCC_DYNAMIC_NO_PIC = NO;
				GCC_NO_COMMON_BLOCKS = YES;
				GCC_OPTIMIZATION_LEVEL = 0;
				GCC_PREPROCESSOR_DEFINITIONS = (
					"DEBUG=1",
					"$(inherited)",
				);
				GCC_WARN_64_TO_32_BIT_CONVERSION = YES;
				GCC_WARN_ABOUT_RETURN_TYPE = YES_ERROR;
				GCC_WARN_UNDECLARED_SELECTOR = YES;
				GCC_WARN_UNINITIALIZED_AUTOS = YES_AGGRESSIVE;
				GCC_WARN_UNUSED_FUNCTION = YES;
				GCC_WARN_UNUSED_VARIABLE = YES;
				IPHONEOS_DEPLOYMENT_TARGET = 10.2;
				MTL_ENABLE_DEBUG_INFO = YES;
				ONLY_ACTIVE_ARCH = YES;
				SDKROOT = iphoneos;
				SWIFT_ACTIVE_COMPILATION_CONDITIONS = DEBUG;
				SWIFT_OPTIMIZATION_LEVEL = "-Onone";
				TARGETED_DEVICE_FAMILY = "1,2";
			};
			name = Debug;
		};
		7E1C8DE01E719AEF00A9F1B4 /* Release */ = {
			isa = XCBuildConfiguration;
			buildSettings = {
				ALWAYS_SEARCH_USER_PATHS = NO;
				CLANG_ANALYZER_NONNULL = YES;
				CLANG_CXX_LANGUAGE_STANDARD = "gnu++0x";
				CLANG_CXX_LIBRARY = "libc++";
				CLANG_ENABLE_MODULES = YES;
				CLANG_ENABLE_OBJC_ARC = YES;
				CLANG_WARN_BOOL_CONVERSION = YES;
				CLANG_WARN_CONSTANT_CONVERSION = YES;
				CLANG_WARN_DIRECT_OBJC_ISA_USAGE = YES_ERROR;
				CLANG_WARN_DOCUMENTATION_COMMENTS = YES;
				CLANG_WARN_EMPTY_BODY = YES;
				CLANG_WARN_ENUM_CONVERSION = YES;
				CLANG_WARN_INFINITE_RECURSION = YES;
				CLANG_WARN_INT_CONVERSION = YES;
				CLANG_WARN_OBJC_ROOT_CLASS = YES_ERROR;
				CLANG_WARN_SUSPICIOUS_MOVE = YES;
				CLANG_WARN_UNREACHABLE_CODE = YES;
				CLANG_WARN__DUPLICATE_METHOD_MATCH = YES;
				"CODE_SIGN_IDENTITY[sdk=iphoneos*]" = "iPhone Developer";
				COPY_PHASE_STRIP = NO;
				DEBUG_INFORMATION_FORMAT = "dwarf-with-dsym";
				ENABLE_NS_ASSERTIONS = NO;
				ENABLE_STRICT_OBJC_MSGSEND = YES;
				GCC_C_LANGUAGE_STANDARD = gnu99;
				GCC_NO_COMMON_BLOCKS = YES;
				GCC_WARN_64_TO_32_BIT_CONVERSION = YES;
				GCC_WARN_ABOUT_RETURN_TYPE = YES_ERROR;
				GCC_WARN_UNDECLARED_SELECTOR = YES;
				GCC_WARN_UNINITIALIZED_AUTOS = YES_AGGRESSIVE;
				GCC_WARN_UNUSED_FUNCTION = YES;
				GCC_WARN_UNUSED_VARIABLE = YES;
				IPHONEOS_DEPLOYMENT_TARGET = 10.2;
				MTL_ENABLE_DEBUG_INFO = NO;
				SDKROOT = iphoneos;
				SWIFT_OPTIMIZATION_LEVEL = "-Owholemodule";
				TARGETED_DEVICE_FAMILY = "1,2";
				VALIDATE_PRODUCT = YES;
			};
			name = Release;
		};
		7E1C8DE21E719AEF00A9F1B4 /* Debug */ = {
			isa = XCBuildConfiguration;
			buildSettings = {
				ASSETCATALOG_COMPILER_APPICON_NAME = AppIcon;
				DEVELOPMENT_TEAM = N48NQT43F3;
				INFOPLIST_FILE = "TmdbApi-iOSExample/Info.plist";
				LD_RUNPATH_SEARCH_PATHS = "$(inherited) @executable_path/Frameworks";
				PRODUCT_BUNDLE_IDENTIFIER = "com.kamilswojak.TmdbApi-iOSExample";
				PRODUCT_NAME = "$(TARGET_NAME)";
				SWIFT_VERSION = 3.0;
			};
			name = Debug;
		};
		7E1C8DE31E719AEF00A9F1B4 /* Release */ = {
			isa = XCBuildConfiguration;
			buildSettings = {
				ASSETCATALOG_COMPILER_APPICON_NAME = AppIcon;
				DEVELOPMENT_TEAM = N48NQT43F3;
				INFOPLIST_FILE = "TmdbApi-iOSExample/Info.plist";
				LD_RUNPATH_SEARCH_PATHS = "$(inherited) @executable_path/Frameworks";
				PRODUCT_BUNDLE_IDENTIFIER = "com.kamilswojak.TmdbApi-iOSExample";
				PRODUCT_NAME = "$(TARGET_NAME)";
				SWIFT_VERSION = 3.0;
			};
			name = Release;
		};
/* End XCBuildConfiguration section */

/* Begin XCConfigurationList section */
		7E1C8DCA1E719AEF00A9F1B4 /* Build configuration list for PBXProject "TmdbApi-iOSExample" */ = {
			isa = XCConfigurationList;
			buildConfigurations = (
				7E1C8DDF1E719AEF00A9F1B4 /* Debug */,
				7E1C8DE01E719AEF00A9F1B4 /* Release */,
			);
			defaultConfigurationIsVisible = 0;
			defaultConfigurationName = Release;
		};
		7E1C8DE11E719AEF00A9F1B4 /* Build configuration list for PBXNativeTarget "TmdbApi-iOSExample" */ = {
			isa = XCConfigurationList;
			buildConfigurations = (
				7E1C8DE21E719AEF00A9F1B4 /* Debug */,
				7E1C8DE31E719AEF00A9F1B4 /* Release */,
			);
			defaultConfigurationIsVisible = 0;
			defaultConfigurationName = Release;
		};
/* End XCConfigurationList section */
	};
	rootObject = 7E1C8DC71E719AEF00A9F1B4 /* Project object */;
}
